
Microsoft Visual Studio Solution File, Format Version 12.00
# Visual Studio Version 16
VisualStudioVersion = 16.0.35229.62
MinimumVisualStudioVersion = 10.0.40219.1
Project("{D2ABAB84-BF74-430A-B69E-9DC6D40DDA17}") = "cubeTecnoNic", "cubeTecnoNic\cubeTecnoNic.dwproj", "{AF5E90FF-15C8-440B-A927-CB22FE4E2E88}"
EndProject
Global
	GlobalSection(SolutionConfigurationPlatforms) = preSolution
		Development|Default = Development|Default
	EndGlobalSection
	GlobalSection(ProjectConfigurationPlatforms) = postSolution
		{AF5E90FF-15C8-440B-A927-CB22FE4E2E88}.Development|Default.ActiveCfg = Development
		{AF5E90FF-15C8-440B-A927-CB22FE4E2E88}.Development|Default.Build.0 = Development
		{AF5E90FF-15C8-440B-A927-CB22FE4E2E88}.Development|Default.Deploy.0 = Development
	EndGlobalSection
	GlobalSection(SolutionProperties) = preSolution
		HideSolutionNode = FALSE
	EndGlobalSection
	GlobalSection(ExtensibilityGlobals) = postSolution
		SolutionGuid = {4D0454EC-A4BE-4A64-815A-954B95473EEB}
	EndGlobalSection
EndGlobal
